{
  "name": "allowlist",
  "version": "1.0.0",
  "lockfileVersion": 1,
  "requires": true,
  "dependencies": {
    "convert-array-to-csv": {
      "version": "2.0.0",
      "resolved": "https://registry.npmjs.org/convert-array-to-csv/-/convert-array-to-csv-2.0.0.tgz",
      "integrity": "sha512-dxUINCt28k6WbXGMoB+AaKjGY0Y6GkKwZmT+kvD4nJgVCOKsnIQ3G6n0v2II1lG4NwXQk6EWZ+pPDub9wcqqMg=="
    },
    "ip-regex": {
      "version": "4.3.0",
      "resolved": "https://registry.npmjs.org/ip-regex/-/ip-regex-4.3.0.tgz",
      "integrity": "sha512-B9ZWJxHHOHUhUjCPrMpLD4xEq35bUTClHM1S6CBU5ixQnkZmwipwgc96vAd7AAGM9TGHvJR+Uss+/Ak6UphK+Q=="
    },
    "temporary": {
      "version": "1.1.0",
      "resolved": "https://registry.npmjs.org/temporary/-/temporary-1.1.0.tgz",
      "integrity": "sha512-geB3U/E75RLr++koy9EBw4mZ1BCfxg72SYJQdQld1iRvka+fyijfbiXrVpWQB9bJKNsgAB4lIHOeJtVSvyiJiQ=="
    },
    "tlds": {
      "version": "1.218.0",
      "resolved": "https://registry.npmjs.org/tlds/-/tlds-1.218.0.tgz",
      "integrity": "sha512-JpD3eSrYaIFlU/OvtI5WTEK+v5qXZSeUifz4hT2bJsJKx5ykjZvg6i5yXVBJNjoN3XbTCtryc7H5v8B16yHfMg=="
    },
    "url-regex": {
      "version": "5.0.0",
      "resolved": "https://registry.npmjs.org/url-regex/-/url-regex-5.0.0.tgz",
      "integrity": "sha512-O08GjTiAFNsSlrUWfqF1jH0H1W3m35ZyadHrGv5krdnmPPoxP27oDTqux/579PtaroiSGm5yma6KT1mHFH6Y/g==",
      "requires": {
        "ip-regex": "^4.1.0",
        "tlds": "^1.203.0"
      }
    }
  }
}
